
Microsoft Visual Studio Solution File, Format Version 12.00
# Visual Studio Version 16
VisualStudioVersion = 16.0.30503.244
MinimumVisualStudioVersion = 10.0.40219.1
Project("{FAE04EC0-301F-11D3-BF4B-00C04F79EFBC}") = "Program 2", "Program 2\Program 2.csproj", "{1E3AB3D8-0E50-4771-A00C-479E1C82DA88}"
EndProject
Global
	GlobalSection(SolutionConfigurationPlatforms) = preSolution
		Debug|Any CPU = Debug|Any CPU
		Release|Any CPU = Release|Any CPU
	EndGlobalSection
	GlobalSection(ProjectConfigurationPlatforms) = postSolution
		{1E3AB3D8-0E50-4771-A00C-479E1C82DA88}.Debug|Any CPU.ActiveCfg = Debug|Any CPU
		{1E3AB3D8-0E50-4771-A00C-479E1C82DA88}.Debug|Any CPU.Build.0 = Debug|Any CPU
		{1E3AB3D8-0E50-4771-A00C-479E1C82DA88}.Release|Any CPU.ActiveCfg = Release|Any CPU
		{1E3AB3D8-0E50-4771-A00C-479E1C82DA88}.Release|Any CPU.Build.0 = Release|Any CPU
	EndGlobalSection
	GlobalSection(SolutionProperties) = preSolution
		HideSolutionNode = FALSE
	EndGlobalSection
	GlobalSection(ExtensibilityGlobals) = postSolution
		SolutionGuid = {54C94794-A8B2-432C-9419-5FBF3AF65A67}
	EndGlobalSection
EndGlobal
